
Microsoft Visual Studio Solution File, Format Version 12.00
# Visual Studio Version 17
VisualStudioVersion = 17.0.31903.59
MinimumVisualStudioVersion = 10.0.40219.1
Project("{2150E333-8FDC-42A3-9474-1A3956D46DE8}") = "src", "src", "{D26F47AF-99EE-49D2-9138-DF0FAFDB9754}"
EndProject
Project("{FAE04EC0-301F-11D3-BF4B-00C04F79EFBC}") = "BookService", "src\BookService\BookService.csproj", "{D238FEAC-1891-47A0-A1C5-71ABF4B8ED92}"
EndProject
Project("{FAE04EC0-301F-11D3-BF4B-00C04F79EFBC}") = "SearchService", "src\SearchService\SearchService.csproj", "{01645DA0-6CF7-48DA-8536-95DDE8135127}"
EndProject
Project("{FAE04EC0-301F-11D3-BF4B-00C04F79EFBC}") = "Contracts", "src\Contracts\Contracts.csproj", "{8F30A081-D90E-46FC-BF85-7EA09D2B58B6}"
EndProject
Project("{FAE04EC0-301F-11D3-BF4B-00C04F79EFBC}") = "IdentityService", "src\IdentityService\IdentityService.csproj", "{F8D8102C-4441-4AD7-BCA9-8ACC826E68E9}"
EndProject
Project("{FAE04EC0-301F-11D3-BF4B-00C04F79EFBC}") = "GatewayService", "src\GatewayService\GatewayService.csproj", "{1A4C2D9E-7B7E-45E2-A293-E3CA52200B24}"
EndProject
Project("{FAE04EC0-301F-11D3-BF4B-00C04F79EFBC}") = "CartService", "src\CartService\CartService.csproj", "{D3844244-FFF4-41D3-9B4D-6542C31B14C3}"
EndProject
Project("{FAE04EC0-301F-11D3-BF4B-00C04F79EFBC}") = "PurchaseService", "src\PurchaseService\PurchaseService.csproj", "{F1456C78-246F-47EA-A756-24F18639DEA6}"
EndProject
Project("{2150E333-8FDC-42A3-9474-1A3956D46DE8}") = "tests", "tests", "{8A1ABC67-535D-4B95-81A4-BD739B58DFC2}"
EndProject
Project("{FAE04EC0-301F-11D3-BF4B-00C04F79EFBC}") = "BookService.UnitTests", "tests\BookService.UnitTests\BookService.UnitTests.csproj", "{40DCEA5F-286C-400D-B3AE-AFBB724B3A5C}"
EndProject
Project("{FAE04EC0-301F-11D3-BF4B-00C04F79EFBC}") = "BookService.IntegrationTests", "tests\BookService.IntegrationTests\BookService.IntegrationTests.csproj", "{7D1159F1-5D76-4EBA-99F6-48D49C525C88}"
EndProject
Global
	GlobalSection(SolutionConfigurationPlatforms) = preSolution
		Debug|Any CPU = Debug|Any CPU
		Release|Any CPU = Release|Any CPU
	EndGlobalSection
	GlobalSection(SolutionProperties) = preSolution
		HideSolutionNode = FALSE
	EndGlobalSection
	GlobalSection(ProjectConfigurationPlatforms) = postSolution
		{D238FEAC-1891-47A0-A1C5-71ABF4B8ED92}.Debug|Any CPU.ActiveCfg = Debug|Any CPU
		{D238FEAC-1891-47A0-A1C5-71ABF4B8ED92}.Debug|Any CPU.Build.0 = Debug|Any CPU
		{D238FEAC-1891-47A0-A1C5-71ABF4B8ED92}.Release|Any CPU.ActiveCfg = Release|Any CPU
		{D238FEAC-1891-47A0-A1C5-71ABF4B8ED92}.Release|Any CPU.Build.0 = Release|Any CPU
		{01645DA0-6CF7-48DA-8536-95DDE8135127}.Debug|Any CPU.ActiveCfg = Debug|Any CPU
		{01645DA0-6CF7-48DA-8536-95DDE8135127}.Debug|Any CPU.Build.0 = Debug|Any CPU
		{01645DA0-6CF7-48DA-8536-95DDE8135127}.Release|Any CPU.ActiveCfg = Release|Any CPU
		{01645DA0-6CF7-48DA-8536-95DDE8135127}.Release|Any CPU.Build.0 = Release|Any CPU
		{8F30A081-D90E-46FC-BF85-7EA09D2B58B6}.Debug|Any CPU.ActiveCfg = Debug|Any CPU
		{8F30A081-D90E-46FC-BF85-7EA09D2B58B6}.Debug|Any CPU.Build.0 = Debug|Any CPU
		{8F30A081-D90E-46FC-BF85-7EA09D2B58B6}.Release|Any CPU.ActiveCfg = Release|Any CPU
		{8F30A081-D90E-46FC-BF85-7EA09D2B58B6}.Release|Any CPU.Build.0 = Release|Any CPU
		{F8D8102C-4441-4AD7-BCA9-8ACC826E68E9}.Debug|Any CPU.ActiveCfg = Debug|Any CPU
		{F8D8102C-4441-4AD7-BCA9-8ACC826E68E9}.Debug|Any CPU.Build.0 = Debug|Any CPU
		{F8D8102C-4441-4AD7-BCA9-8ACC826E68E9}.Release|Any CPU.ActiveCfg = Release|Any CPU
		{F8D8102C-4441-4AD7-BCA9-8ACC826E68E9}.Release|Any CPU.Build.0 = Release|Any CPU
		{1A4C2D9E-7B7E-45E2-A293-E3CA52200B24}.Debug|Any CPU.ActiveCfg = Debug|Any CPU
		{1A4C2D9E-7B7E-45E2-A293-E3CA52200B24}.Debug|Any CPU.Build.0 = Debug|Any CPU
		{1A4C2D9E-7B7E-45E2-A293-E3CA52200B24}.Release|Any CPU.ActiveCfg = Release|Any CPU
		{1A4C2D9E-7B7E-45E2-A293-E3CA52200B24}.Release|Any CPU.Build.0 = Release|Any CPU
		{D3844244-FFF4-41D3-9B4D-6542C31B14C3}.Debug|Any CPU.ActiveCfg = Debug|Any CPU
		{D3844244-FFF4-41D3-9B4D-6542C31B14C3}.Debug|Any CPU.Build.0 = Debug|Any CPU
		{D3844244-FFF4-41D3-9B4D-6542C31B14C3}.Release|Any CPU.ActiveCfg = Release|Any CPU
		{D3844244-FFF4-41D3-9B4D-6542C31B14C3}.Release|Any CPU.Build.0 = Release|Any CPU
		{F1456C78-246F-47EA-A756-24F18639DEA6}.Debug|Any CPU.ActiveCfg = Debug|Any CPU
		{F1456C78-246F-47EA-A756-24F18639DEA6}.Debug|Any CPU.Build.0 = Debug|Any CPU
		{F1456C78-246F-47EA-A756-24F18639DEA6}.Release|Any CPU.ActiveCfg = Release|Any CPU
		{F1456C78-246F-47EA-A756-24F18639DEA6}.Release|Any CPU.Build.0 = Release|Any CPU
		{40DCEA5F-286C-400D-B3AE-AFBB724B3A5C}.Debug|Any CPU.ActiveCfg = Debug|Any CPU
		{40DCEA5F-286C-400D-B3AE-AFBB724B3A5C}.Debug|Any CPU.Build.0 = Debug|Any CPU
		{40DCEA5F-286C-400D-B3AE-AFBB724B3A5C}.Release|Any CPU.ActiveCfg = Release|Any CPU
		{40DCEA5F-286C-400D-B3AE-AFBB724B3A5C}.Release|Any CPU.Build.0 = Release|Any CPU
		{7D1159F1-5D76-4EBA-99F6-48D49C525C88}.Debug|Any CPU.ActiveCfg = Debug|Any CPU
		{7D1159F1-5D76-4EBA-99F6-48D49C525C88}.Debug|Any CPU.Build.0 = Debug|Any CPU
		{7D1159F1-5D76-4EBA-99F6-48D49C525C88}.Release|Any CPU.ActiveCfg = Release|Any CPU
		{7D1159F1-5D76-4EBA-99F6-48D49C525C88}.Release|Any CPU.Build.0 = Release|Any CPU
	EndGlobalSection
	GlobalSection(NestedProjects) = preSolution
		{D238FEAC-1891-47A0-A1C5-71ABF4B8ED92} = {D26F47AF-99EE-49D2-9138-DF0FAFDB9754}
		{01645DA0-6CF7-48DA-8536-95DDE8135127} = {D26F47AF-99EE-49D2-9138-DF0FAFDB9754}
		{8F30A081-D90E-46FC-BF85-7EA09D2B58B6} = {D26F47AF-99EE-49D2-9138-DF0FAFDB9754}
		{F8D8102C-4441-4AD7-BCA9-8ACC826E68E9} = {D26F47AF-99EE-49D2-9138-DF0FAFDB9754}
		{1A4C2D9E-7B7E-45E2-A293-E3CA52200B24} = {D26F47AF-99EE-49D2-9138-DF0FAFDB9754}
		{D3844244-FFF4-41D3-9B4D-6542C31B14C3} = {D26F47AF-99EE-49D2-9138-DF0FAFDB9754}
		{F1456C78-246F-47EA-A756-24F18639DEA6} = {D26F47AF-99EE-49D2-9138-DF0FAFDB9754}
		{40DCEA5F-286C-400D-B3AE-AFBB724B3A5C} = {8A1ABC67-535D-4B95-81A4-BD739B58DFC2}
		{7D1159F1-5D76-4EBA-99F6-48D49C525C88} = {8A1ABC67-535D-4B95-81A4-BD739B58DFC2}
	EndGlobalSection
EndGlobal
